
Microsoft Visual Studio Solution File, Format Version 12.00
Project("{FAE04EC0-301F-11D3-BF4B-00C04F79EFBC}") = "WhatTheFlock", "WhatTheFlock\WhatTheFlock.csproj", "{3D06592A-3A3F-4179-8F0D-4027C6836043}"
EndProject
Global
	GlobalSection(SolutionConfigurationPlatforms) = preSolution
		Debug|Any CPU = Debug|Any CPU
		Release|Any CPU = Release|Any CPU
	EndGlobalSection
	GlobalSection(ProjectConfigurationPlatforms) = postSolution
		{3D06592A-3A3F-4179-8F0D-4027C6836043}.Debug|Any CPU.ActiveCfg = Debug|Any CPU
		{3D06592A-3A3F-4179-8F0D-4027C6836043}.Debug|Any CPU.Build.0 = Debug|Any CPU
		{3D06592A-3A3F-4179-8F0D-4027C6836043}.Release|Any CPU.ActiveCfg = Release|Any CPU
		{3D06592A-3A3F-4179-8F0D-4027C6836043}.Release|Any CPU.Build.0 = Release|Any CPU
	EndGlobalSection
EndGlobal
